
Microsoft Visual Studio Solution File, Format Version 12.00
# Visual Studio Version 17
VisualStudioVersion = 17.11.35312.102
MinimumVisualStudioVersion = 10.0.40219.1
Project("{FAE04EC0-301F-11D3-BF4B-00C04F79EFBC}") = "MvcStok", "MvcStok\MvcStok.csproj", "{05BE002E-D28F-4E8F-B90E-57386682AB7C}"
EndProject
Global
	GlobalSection(SolutionConfigurationPlatforms) = preSolution
		Debug|Any CPU = Debug|Any CPU
		Release|Any CPU = Release|Any CPU
	EndGlobalSection
	GlobalSection(ProjectConfigurationPlatforms) = postSolution
		{05BE002E-D28F-4E8F-B90E-57386682AB7C}.Debug|Any CPU.ActiveCfg = Debug|Any CPU
		{05BE002E-D28F-4E8F-B90E-57386682AB7C}.Debug|Any CPU.Build.0 = Debug|Any CPU
		{05BE002E-D28F-4E8F-B90E-57386682AB7C}.Release|Any CPU.ActiveCfg = Release|Any CPU
		{05BE002E-D28F-4E8F-B90E-57386682AB7C}.Release|Any CPU.Build.0 = Release|Any CPU
	EndGlobalSection
	GlobalSection(SolutionProperties) = preSolution
		HideSolutionNode = FALSE
	EndGlobalSection
	GlobalSection(ExtensibilityGlobals) = postSolution
		SolutionGuid = {909DA8DB-4CD5-4EA9-AD5B-BDB65C197562}
	EndGlobalSection
EndGlobal
